
Microsoft Visual Studio Solution File, Format Version 12.00
# Visual Studio Version 16
VisualStudioVersion = 16.0.31025.194
MinimumVisualStudioVersion = 10.0.40219.1
Project("{9A19103F-16F7-4668-BE54-9A1E7A4F7556}") = "SmokeMe.TestAdapter", "SmokeMe.TestAdapter\SmokeMe.TestAdapter.csproj", "{64AC1690-C522-47F1-8F25-ED8EA920C687}"
EndProject
Project("{2150E333-8FDC-42A3-9474-1A3956D46DE8}") = "Solution Items", "Solution Items", "{BFE5A2B3-D40A-4449-AB3D-C0F91E9FEE1B}"
	ProjectSection(SolutionItems) = preProject
		.github\workflows\dotnet.yml = .github\workflows\dotnet.yml
		README.md = README.md
		smoke-icon.jpg = smoke-icon.jpg
	EndProjectSection
EndProject
Global
	GlobalSection(SolutionConfigurationPlatforms) = preSolution
		Debug|Any CPU = Debug|Any CPU
		Release|Any CPU = Release|Any CPU
	EndGlobalSection
	GlobalSection(ProjectConfigurationPlatforms) = postSolution
		{64AC1690-C522-47F1-8F25-ED8EA920C687}.Debug|Any CPU.ActiveCfg = Debug|Any CPU
		{64AC1690-C522-47F1-8F25-ED8EA920C687}.Debug|Any CPU.Build.0 = Debug|Any CPU
		{64AC1690-C522-47F1-8F25-ED8EA920C687}.Release|Any CPU.ActiveCfg = Release|Any CPU
		{64AC1690-C522-47F1-8F25-ED8EA920C687}.Release|Any CPU.Build.0 = Release|Any CPU
	EndGlobalSection
	GlobalSection(SolutionProperties) = preSolution
		HideSolutionNode = FALSE
	EndGlobalSection
	GlobalSection(ExtensibilityGlobals) = postSolution
		SolutionGuid = {7062D43D-3685-43E6-97BC-3760EBD57007}
	EndGlobalSection
EndGlobal
